
Microsoft Visual Studio Solution File, Format Version 12.00
# Visual Studio 15
VisualStudioVersion = 15.0.27428.2005
MinimumVisualStudioVersion = 10.0.40219.1
Project("{FAE04EC0-301F-11D3-BF4B-00C04F79EFBC}") = "7WondersApp", "7WondersApp\7WondersApp.csproj", "{8C0DF2B2-26E4-42D2-9EE1-3B75A7DFA612}"
EndProject
Global
	GlobalSection(SolutionConfigurationPlatforms) = preSolution
		Debug|Any CPU = Debug|Any CPU
		Release|Any CPU = Release|Any CPU
	EndGlobalSection
	GlobalSection(ProjectConfigurationPlatforms) = postSolution
		{8C0DF2B2-26E4-42D2-9EE1-3B75A7DFA612}.Debug|Any CPU.ActiveCfg = Debug|Any CPU
		{8C0DF2B2-26E4-42D2-9EE1-3B75A7DFA612}.Debug|Any CPU.Build.0 = Debug|Any CPU
		{8C0DF2B2-26E4-42D2-9EE1-3B75A7DFA612}.Release|Any CPU.ActiveCfg = Release|Any CPU
		{8C0DF2B2-26E4-42D2-9EE1-3B75A7DFA612}.Release|Any CPU.Build.0 = Release|Any CPU
	EndGlobalSection
	GlobalSection(SolutionProperties) = preSolution
		HideSolutionNode = FALSE
	EndGlobalSection
	GlobalSection(ExtensibilityGlobals) = postSolution
		SolutionGuid = {EDD9DFDC-9F9E-46B5-BEB5-9AB2838F5D3E}
	EndGlobalSection
EndGlobal
